{
  "nodes": {
    "home-manager": {
      "inputs": {
        "nixpkgs": [
          "nixpkgs"
        ]
      },
      "locked": {
        "lastModified": 1777815398,
        "narHash": "sha256-MrIhEoqXc4YsHEUfH4rDU/K09XnWcKntNhCjs7n7zi8=",
        "owner": "nix-community",
        "repo": "home-manager",
        "rev": "b5e86c1b19f178a8ee10f7cb747325e02e3d3991",
        "type": "github"
      },
      "original": {
        "owner": "nix-community",
        "repo": "home-manager",
        "type": "github"
      }
    },
    "nixpkgs": {
      "locked": {
        "lastModified": 1777641297,
        "narHash": "sha256-WNGcmeOZ8Tr9dq6ztCspYbzWFswr2mPebM9LpsfGxPk=",
        "owner": "nixos",
        "repo": "nixpkgs",
        "rev": "c6d65881c5624c9cae5ea6cedef24699b0c0a4c0",
        "type": "github"
      },
      "original": {
        "owner": "nixos",
        "ref": "nixpkgs-unstable",
        "repo": "nixpkgs",
        "type": "github"
      }
    },
    "nixpkgs_2": {
      "locked": {
        "lastModified": 1766201043,
        "narHash": "sha256-eplAP+rorKKd0gNjV3rA6+0WMzb1X1i16F5m5pASnjA=",
        "owner": "NixOS",
        "repo": "nixpkgs",
        "rev": "b3aad468604d3e488d627c0b43984eb60e75e782",
        "type": "github"
      },
      "original": {
        "owner": "NixOS",
        "ref": "nixos-25.11",
        "repo": "nixpkgs",
        "type": "github"
      }
    },
    "root": {
      "inputs": {
        "home-manager": "home-manager",
        "nixpkgs": "nixpkgs",
        "snitch": "snitch"
      }
    },
    "snitch": {
      "inputs": {
        "nixpkgs": "nixpkgs_2"
      },
      "locked": {
        "lastModified": 1775575712,
        "narHash": "sha256-NkvahAinKZpe81bkeTXoSD8vQppct7LQaIHy33a4SoI=",
        "owner": "karol-broda",
        "repo": "snitch",
        "rev": "401988dca4c71668a8227bd85e4f6e95a7178822",
        "type": "github"
      },
      "original": {
        "owner": "karol-broda",
        "repo": "snitch",
        "type": "github"
      }
    }
  },
  "root": "root",
  "version": 7
}
